{
  "version": "5",
  "specifiers": {
    "jsr:@117/mutex@^1.0.8": "1.0.8",
    "jsr:@ball6847/git-commit-ai@*": "0.2.0",
    "jsr:@ball6847/git-commit-ai@1.0.1": "1.0.1",
    "jsr:@ball6847/workspace-manager@*": "0.4.1",
    "jsr:@cliffy/ansi@1.0.0": "1.0.0",
    "jsr:@cliffy/command@1": "1.0.0",
    "jsr:@cliffy/command@^1.0.0-rc.8": "1.0.0",
    "jsr:@cliffy/flags@1.0.0": "1.0.0",
    "jsr:@cliffy/internal@1.0.0": "1.0.0",
    "jsr:@cliffy/keycode@1.0.0": "1.0.0",
    "jsr:@cliffy/prompt@1": "1.0.0",
    "jsr:@cliffy/prompt@^1.0.0-rc.8": "1.0.0",
    "jsr:@cliffy/table@1.0.0": "1.0.0",
    "jsr:@cliffy/table@^1.0.0-rc.8": "1.0.0",
    "jsr:@std/assert@^1.0.18": "1.0.19",
    "jsr:@std/dotenv@~0.225.5": "0.225.6",
    "jsr:@std/dotenv@~0.225.6": "0.225.6",
    "jsr:@std/encoding@^1.0.10": "1.0.10",
    "jsr:@std/fmt@^1.0.8": "1.0.9",
    "jsr:@std/fmt@^1.0.9": "1.0.9",
    "jsr:@std/internal@^1.0.12": "1.0.12",
    "jsr:@std/io@~0.225.3": "0.225.3",
    "jsr:@std/path@1.1.3": "1.1.3",
    "jsr:@std/path@^1.0.7": "1.1.4",
    "jsr:@std/path@^1.1.1": "1.1.3",
    "jsr:@std/path@^1.1.4": "1.1.4",
    "jsr:@std/text@^1.0.17": "1.0.17",
    "jsr:@std/yaml@^1.0.8": "1.0.12",
    "npm:@ai-sdk/anthropic@^2.0.43": "2.0.71_zod@4.3.6",
    "npm:@ai-sdk/anthropic@^3.0.69": "3.0.69_zod@4.3.6",
    "npm:@ai-sdk/cerebras@^1.0.30": "1.0.39_zod@4.3.6",
    "npm:@ai-sdk/cerebras@^2.0.45": "2.0.45_zod@4.3.6",
    "npm:@ai-sdk/mistral@^3.0.30": "3.0.30_zod@4.3.6",
    "npm:@ai-sdk/openai-compatible@^1.0.26": "1.0.34_zod@4.3.6",
    "npm:@ai-sdk/openai-compatible@^2.0.41": "2.0.41_zod@4.3.6",
    "npm:@ai-sdk/openai@^2.0.65": "2.0.101_zod@4.3.6",
    "npm:@ai-sdk/openai@^3.0.52": "3.0.52_zod@4.3.6",
    "npm:@ai-sdk/provider@2": "2.0.1",
    "npm:@openrouter/ai-sdk-provider@^1.2.1": "1.5.4_ai@5.0.161__zod@4.3.6_zod@4.3.6",
    "npm:@openrouter/ai-sdk-provider@^2.5.1": "2.5.1_ai@6.0.159__zod@4.3.6_zod@4.3.6",
    "npm:ai@^5.0.90": "5.0.161_zod@4.3.6",
    "npm:ai@^6.0.158": "6.0.159_zod@4.3.6",
    "npm:typescript-result@^3.5.1": "3.5.2",
    "npm:typescript-result@^3.5.2": "3.5.2"
  },
  "jsr": {
    "@117/mutex@1.0.8": {
      "integrity": "8f14ef3e124ae427c92f93951fbe36b5cfad3aa74f84d443b2acf3034683255d"
    },
    "@ball6847/git-commit-ai@0.2.0": {
      "integrity": "8465414973a5e0e7d12d509803057908cb8f464bbebd2a76f6fb752fd7636c3c",
      "dependencies": [
        "jsr:@cliffy/command@^1.0.0-rc.8",
        "jsr:@cliffy/prompt@^1.0.0-rc.8",
        "jsr:@std/dotenv@~0.225.5",
        "jsr:@std/fmt@^1.0.8",
        "npm:@ai-sdk/anthropic@^2.0.43",
        "npm:@ai-sdk/cerebras@^1.0.30",
        "npm:@ai-sdk/openai-compatible@^1.0.26",
        "npm:@ai-sdk/openai@^2.0.65",
        "npm:@ai-sdk/provider",
        "npm:@openrouter/ai-sdk-provider@^1.2.1",
        "npm:ai@^5.0.90"
      ]
    },
    "@ball6847/git-commit-ai@1.0.1": {
      "integrity": "76df71f8aac8f520b240d0aad507bb5d7f24a058fbe2a8e07aaa30766767eeb5",
      "dependencies": [
        "jsr:@cliffy/command@1",
        "jsr:@cliffy/prompt@1",
        "jsr:@std/dotenv@~0.225.6",
        "jsr:@std/fmt@^1.0.9",
        "jsr:@std/path@^1.0.7",
        "npm:@ai-sdk/anthropic@^3.0.69",
        "npm:@ai-sdk/cerebras@^2.0.45",
        "npm:@ai-sdk/mistral",
        "npm:@ai-sdk/openai-compatible@^2.0.41",
        "npm:@ai-sdk/openai@^3.0.52",
        "npm:@openrouter/ai-sdk-provider@^2.5.1",
        "npm:ai@^6.0.158",
        "npm:typescript-result@^3.5.2"
      ]
    },
    "@ball6847/workspace-manager@0.4.1": {
      "integrity": "8aa608f2e8e07954de20ce7d27f6fae4366f3492b1bdebeb61969948f24c0cab",
      "dependencies": [
        "jsr:@117/mutex",
        "jsr:@cliffy/command@^1.0.0-rc.8",
        "jsr:@cliffy/prompt@^1.0.0-rc.8",
        "jsr:@cliffy/table@^1.0.0-rc.8",
        "jsr:@std/fmt@^1.0.8",
        "jsr:@std/path@^1.1.1",
        "jsr:@std/yaml",
        "npm:typescript-result@^3.5.1"
      ]
    },
    "@cliffy/ansi@1.0.0": {
      "integrity": "987008f74e50aa72cc1517ffccc769711734a14927bc4599e052efe1b9a840e2",
      "dependencies": [
        "jsr:@cliffy/internal",
        "jsr:@std/encoding",
        "jsr:@std/io"
      ]
    },
    "@cliffy/command@1.0.0": {
      "integrity": "c52a241ea68857fcdaff4f3173eb404f8017d7bc35553b6f533c592b89dde7d2",
      "dependencies": [
        "jsr:@cliffy/flags",
        "jsr:@cliffy/internal",
        "jsr:@cliffy/table@1.0.0",
        "jsr:@std/fmt@^1.0.9",
        "jsr:@std/text"
      ]
    },
    "@cliffy/flags@1.0.0": {
      "integrity": "8b57698adc644da8f90422d58976362d41a4ebca39c312ca1c101585d0148feb",
      "dependencies": [
        "jsr:@cliffy/internal",
        "jsr:@std/text"
      ]
    },
    "@cliffy/internal@1.0.0": {
      "integrity": "1e17ccbcd5420093c0a93e5b3827bbdc9abac5195bacf187edc44665e54bdde6"
    },
    "@cliffy/keycode@1.0.0": {
      "integrity": "755dbf007be110dcb5625f87eb61b362b6a0ca6835453af03ebd3b34d399cf14"
    },
    "@cliffy/prompt@1.0.0": {
      "integrity": "48b4cd35199fda7832f35e1fe0a3e8bc2b1ea49ba57b4ec0e29e22db44e8ca9f",
      "dependencies": [
        "jsr:@cliffy/ansi",
        "jsr:@cliffy/internal",
        "jsr:@cliffy/keycode",
        "jsr:@std/assert",
        "jsr:@std/fmt@^1.0.9",
        "jsr:@std/io",
        "jsr:@std/path@^1.1.4",
        "jsr:@std/text"
      ]
    },
    "@cliffy/table@1.0.0": {
      "integrity": "3fdaa9e1ef1ea62022108adabd826932bdea8dd05497079896febcd41322907f",
      "dependencies": [
        "jsr:@std/fmt@^1.0.9"
      ]
    },
    "@std/assert@1.0.19": {
      "integrity": "eaada96ee120cb980bc47e040f82814d786fe8162ecc53c91d8df60b8755991e"
    },
    "@std/dotenv@0.225.6": {
      "integrity": "1d6f9db72f565bd26790fa034c26e45ecb260b5245417be76c2279e5734c421b"
    },
    "@std/encoding@1.0.10": {
      "integrity": "8783c6384a2d13abd5e9e87a7ae0520a30e9f56aeeaa3bdf910a3eaaf5c811a1"
    },
    "@std/fmt@1.0.9": {
      "integrity": "2487343e8899fb2be5d0e3d35013e54477ada198854e52dd05ed0422eddcabe0"
    },
    "@std/internal@1.0.12": {
      "integrity": "972a634fd5bc34b242024402972cd5143eac68d8dffaca5eaa4dba30ce17b027"
    },
    "@std/io@0.225.3": {
      "integrity": "27b07b591384d12d7b568f39e61dff966b8230559122df1e9fd11cc068f7ddd1"
    },
    "@std/path@1.1.3": {
      "integrity": "b015962d82a5e6daea980c32b82d2c40142149639968549c649031a230b1afb3",
      "dependencies": [
        "jsr:@std/internal"
      ]
    },
    "@std/path@1.1.4": {
      "integrity": "1d2d43f39efb1b42f0b1882a25486647cb851481862dc7313390b2bb044314b5",
      "dependencies": [
        "jsr:@std/internal"
      ]
    },
    "@std/text@1.0.17": {
      "integrity": "4b2c4ef67ae5b6c1dfd447c81c83a43718f52e3c7e748d8b33f694aba9895f95"
    },
    "@std/yaml@1.0.12": {
      "integrity": "7deabca4545bcedd07c5f69ea53acea71b8b4c67562f224e17b90d75944cb20c"
    }
  },
  "npm": {
    "@ai-sdk/anthropic@2.0.71_zod@4.3.6": {
      "integrity": "sha512-JXTtAwlyxGzzRtpiAXk/O93aOTgdfoVX28EoUuRNVqZRgtkoniLQTtqeb8uZ4oXljNJlXzaJLNasS/U90w/wjw==",
      "dependencies": [
        "@ai-sdk/provider@2.0.1",
        "@ai-sdk/provider-utils@3.0.22_zod@4.3.6",
        "zod"
      ]
    },
    "@ai-sdk/anthropic@3.0.69_zod@4.3.6": {
      "integrity": "sha512-LshR7X3pFugY0o41G2VKTmg1XoGpSl7uoYWfzk6zjVZLhCfeFiwgpOga+eTV4XY1VVpZwKVqRnkDbIL7K2eH5g==",
      "dependencies": [
        "@ai-sdk/provider@3.0.8",
        "@ai-sdk/provider-utils@4.0.23_zod@4.3.6",
        "zod"
      ]
    },
    "@ai-sdk/cerebras@1.0.39_zod@4.3.6": {
      "integrity": "sha512-7f3D/d0okjBUMUJuytAxKD4IDBPfZqW/YV/075Zgg8L7JvBgCgqxXtFAzxQ3LAoJt5/aP5M9zmPSPH9IYbZh7w==",
      "dependencies": [
        "@ai-sdk/openai-compatible@1.0.34_zod@4.3.6",
        "@ai-sdk/provider@2.0.1",
        "@ai-sdk/provider-utils@3.0.22_zod@4.3.6",
        "zod"
      ]
    },
    "@ai-sdk/cerebras@2.0.45_zod@4.3.6": {
      "integrity": "sha512-GGDGTS9d073lamFVa3VGCPaGubWqIB6WlfKPv23PBd+/yQmBVC0f0vdZfyJs2xPpzdirSQWeE6PsXplMmkcLeA==",
      "dependencies": [
        "@ai-sdk/openai-compatible@2.0.41_zod@4.3.6",
        "@ai-sdk/provider@3.0.8",
        "@ai-sdk/provider-utils@4.0.23_zod@4.3.6",
        "zod"
      ]
    },
    "@ai-sdk/gateway@2.0.65_zod@4.3.6": {
      "integrity": "sha512-yaWzvQQWgAzV0m3eidfpRub1+PggDOr2hLnSOI+L2ZispyJ/7EoSzhjKzNCADj6PHnnPaOMH933Xhl1Z/NSxJw==",
      "dependencies": [
        "@ai-sdk/provider@2.0.1",
        "@ai-sdk/provider-utils@3.0.22_zod@4.3.6",
        "@vercel/oidc",
        "zod"
      ]
    },
    "@ai-sdk/gateway@3.0.96_zod@4.3.6": {
      "integrity": "sha512-BDiVEMUVHGpngReeigzLyJobG0TvzYbNGzdHI8JYBZHrjOX4aL6qwIls7z3p7V4TuXVWUCbG8TSWEe7ksX4Vhw==",
      "dependencies": [
        "@ai-sdk/provider@3.0.8",
        "@ai-sdk/provider-utils@4.0.23_zod@4.3.6",
        "@vercel/oidc",
        "zod"
      ]
    },
    "@ai-sdk/mistral@3.0.30_zod@4.3.6": {
      "integrity": "sha512-+j4IXRSk9E661cFSafmIr+XHOzwjFagawwzMOlSqwL6U4Sq4PCFLDF+oHbX5NUqNjUL7FD1zi/9lBIfa41pUvw==",
      "dependencies": [
        "@ai-sdk/provider@3.0.8",
        "@ai-sdk/provider-utils@4.0.23_zod@4.3.6",
        "zod"
      ]
    },
    "@ai-sdk/openai-compatible@1.0.34_zod@4.3.6": {
      "integrity": "sha512-AnGoxVNZ/E3EU4lW12rrufI6riqL2cEv4jk3OrjJ/i54XwR0CJU1V26jXAwxb+Pc+uZmYG++HM+gzXxPQZkMNQ==",
      "dependencies": [
        "@ai-sdk/provider@2.0.1",
        "@ai-sdk/provider-utils@3.0.22_zod@4.3.6",
        "zod"
      ]
    },
    "@ai-sdk/openai-compatible@2.0.41_zod@4.3.6": {
      "integrity": "sha512-kNAGINk71AlOXx10Dq/PXw4t/9XjdK8uxfpVElRwtSFMdeSiLVt58p9TPx4/FJD+hxZuVhvxYj9r42osxWq79g==",
      "dependencies": [
        "@ai-sdk/provider@3.0.8",
        "@ai-sdk/provider-utils@4.0.23_zod@4.3.6",
        "zod"
      ]
    },
    "@ai-sdk/openai@2.0.101_zod@4.3.6": {
      "integrity": "sha512-kQ52HLV45T3bQbRzWExXW6+pkg3Nvq4dUnZHUPJXWgkUUsAhZjxHrXqPOc/0yfn/4+Dn2uLmIgAkP9IfzMMcNg==",
      "dependencies": [
        "@ai-sdk/provider@2.0.1",
        "@ai-sdk/provider-utils@3.0.22_zod@4.3.6",
        "zod"
      ]
    },
    "@ai-sdk/openai@3.0.52_zod@4.3.6": {
      "integrity": "sha512-4Rr8NCGmfWTz6DCUvixn9UmyZcMatiHn0zWoMzI3JCUe9R1P/vsPOpCBALKoSzVYOjyJnhtnVIbfUKujcS39uw==",
      "dependencies": [
        "@ai-sdk/provider@3.0.8",
        "@ai-sdk/provider-utils@4.0.23_zod@4.3.6",
        "zod"
      ]
    },
    "@ai-sdk/provider-utils@3.0.22_zod@4.3.6": {
      "integrity": "sha512-fFT1KfUUKktfAFm5mClJhS1oux9tP2qgzmEZVl5UdwltQ1LO/s8hd7znVrgKzivwv1s1FIPza0s9OpJaNB/vHw==",
      "dependencies": [
        "@ai-sdk/provider@2.0.1",
        "@standard-schema/spec",
        "eventsource-parser",
        "zod"
      ]
    },
    "@ai-sdk/provider-utils@4.0.23_zod@4.3.6": {
      "integrity": "sha512-z8GlDaCmRSDlqkMF2f4/RFgWxdarvIbyuk+m6WXT1LYgsnGiXRJGTD2Z1+SDl3LqtFuRtGX1aghYvQLoHL/9pg==",
      "dependencies": [
        "@ai-sdk/provider@3.0.8",
        "@standard-schema/spec",
        "eventsource-parser",
        "zod"
      ]
    },
    "@ai-sdk/provider@2.0.1": {
      "integrity": "sha512-KCUwswvsC5VsW2PWFqF8eJgSCu5Ysj7m1TxiHTVA6g7k360bk0RNQENT8KTMAYEs+8fWPD3Uu4dEmzGHc+jGng==",
      "dependencies": [
        "json-schema"
      ]
    },
    "@ai-sdk/provider@3.0.8": {
      "integrity": "sha512-oGMAgGoQdBXbZqNG0Ze56CHjDZ1IDYOwGYxYjO5KLSlz5HiNQ9udIXsPZ61VWaHGZ5XW/jyjmr6t2xz2jGVwbQ==",
      "dependencies": [
        "json-schema"
      ]
    },
    "@openrouter/ai-sdk-provider@1.5.4_ai@5.0.161__zod@4.3.6_zod@4.3.6": {
      "integrity": "sha512-xrSQPUIH8n9zuyYZR0XK7Ba0h2KsjJcMkxnwaYfmv13pKs3sDkjPzVPPhlhzqBGddHb5cFEwJ9VFuFeDcxCDSw==",
      "dependencies": [
        "@openrouter/sdk",
        "ai@5.0.161_zod@4.3.6",
        "zod"
      ]
    },
    "@openrouter/ai-sdk-provider@2.5.1_ai@6.0.159__zod@4.3.6_zod@4.3.6": {
      "integrity": "sha512-r1fJL1Cb3gQDa2MpWH/sfx1BsEW0uzlRriJM6eihaKqbtKDmZoBisF32VcVaQYassighX7NGCkF68EsrZA43uQ==",
      "dependencies": [
        "ai@6.0.159_zod@4.3.6",
        "zod"
      ]
    },
    "@openrouter/sdk@0.1.27": {
      "integrity": "sha512-RH//L10bSmc81q25zAZudiI4kNkLgxF2E+WU42vghp3N6TEvZ6F0jK7uT3tOxkEn91gzmMw9YVmDENy7SJsajQ==",
      "dependencies": [
        "zod"
      ]
    },
    "@opentelemetry/api@1.9.0": {
      "integrity": "sha512-3giAOQvZiH5F9bMlMiv8+GSPMeqg0dbaeo58/0SlA9sxSqZhnUtxzX9/2FzyhS9sWQf5S0GJE0AKBrFqjpeYcg=="
    },
    "@standard-schema/spec@1.1.0": {
      "integrity": "sha512-l2aFy5jALhniG5HgqrD6jXLi/rUWrKvqN/qJx6yoJsgKhblVd+iqqU4RCXavm/jPityDo5TCvKMnpjKnOriy0w=="
    },
    "@vercel/oidc@3.1.0": {
      "integrity": "sha512-Fw28YZpRnA3cAHHDlkt7xQHiJ0fcL+NRcIqsocZQUSmbzeIKRpwttJjik5ZGanXP+vlA4SbTg+AbA3bP363l+w=="
    },
    "ai@5.0.161_zod@4.3.6": {
      "integrity": "sha512-CVANs7auUNEi/hRhdJDKcPYaCLWXveIfmoiekNSRel3i8WUieB6iEncDS5smcubWsx7hGtTgXxNRTg0YG0ljtA==",
      "dependencies": [
        "@ai-sdk/gateway@2.0.65_zod@4.3.6",
        "@ai-sdk/provider@2.0.1",
        "@ai-sdk/provider-utils@3.0.22_zod@4.3.6",
        "@opentelemetry/api",
        "zod"
      ]
    },
    "ai@6.0.159_zod@4.3.6": {
      "integrity": "sha512-S18ozG7Dkm3Ud1tzOtAK5acczD4vygfml80RkpM9VWMFpvAFwAKSHaGYkATvPQHIE+VpD1tJY9zcTXLZ/zR5cw==",
      "dependencies": [
        "@ai-sdk/gateway@3.0.96_zod@4.3.6",
        "@ai-sdk/provider@3.0.8",
        "@ai-sdk/provider-utils@4.0.23_zod@4.3.6",
        "@opentelemetry/api",
        "zod"
      ]
    },
    "eventsource-parser@3.0.6": {
      "integrity": "sha512-Vo1ab+QXPzZ4tCa8SwIHJFaSzy4R6SHf7BY79rFBDf0idraZWAkYrDjDj8uWaSm3S2TK+hJ7/t1CEmZ7jXw+pg=="
    },
    "json-schema@0.4.0": {
      "integrity": "sha512-es94M3nTIfsEPisRafak+HDLfHXnKBhV3vU5eqPcS3flIWqcxJWgXHXiey3YrpaNsanY5ei1VoYEbOzijuq9BA=="
    },
    "typescript-result@3.5.2": {
      "integrity": "sha512-kYBOXx/WOdwnfRfkOgEy+Or0VKxR9No1znb+5jPBYplksjx/koluC/OwIgBgYCCPgukxMuwXqMcv1qSDlvrlFA=="
    },
    "zod@4.3.6": {
      "integrity": "sha512-rftlrkhHZOcjDwkGlnUtZZkvaPHCsDATp4pGpuOOMDaTdDDXF91wuVDJoWoPsKX/3YPQ5fHuF3STjcYyKr+Qhg=="
    }
  },
  "workspace": {
    "dependencies": [
      "jsr:@std/path@1.1.3"
    ]
  }
}
